// !$*UTF8*$!
{
	archiveVersion = 1;
	classes = {
	};
	objectVersion = 46;
	objects = {

/* Begin PBXBuildFile section */
		BA67C1D91D386FF8007AD748 /* AppDelegate.swift in Sources */ = {isa = PBXBuildFile; fileRef = BA67C1D81D386FF8007AD748 /* AppDelegate.swift */; };
		BA67C1DB1D386FF8007AD748 /* ViewController.swift in Sources */ = {isa = PBXBuildFile; fileRef = BA67C1DA1D386FF8007AD748 /* ViewController.swift */; };
		BA67C1DE1D386FF8007AD748 /* Main.storyboard in Resources */ = {isa = PBXBuildFile; fileRef = BA67C1DC1D386FF8007AD748 /* Main.storyboard */; };
		BA67C1E01D386FF8007AD748 /* Assets.xcassets in Resources */ = {isa = PBXBuildFile; fileRef = BA67C1DF1D386FF8007AD748 /* Assets.xcassets */; };
		BA67C1E31D386FF8007AD748 /* LaunchScreen.storyboard in Resources */ = {isa = PBXBuildFile; fileRef = BA67C1E11D386FF8007AD748 /* LaunchScreen.storyboard */; };
		BA67C1F81D3878B1007AD748 /* AFHTTPSessionManager.m in Sources */ = {isa = PBXBuildFile; fileRef = BA67C1EC1D3878B1007AD748 /* AFHTTPSessionManager.m */; };
		BA67C1F91D3878B1007AD748 /* AFNetworkReachabilityManager.m in Sources */ = {isa = PBXBuildFile; fileRef = BA67C1EF1D3878B1007AD748 /* AFNetworkReachabilityManager.m */; };
		BA67C1FA1D3878B1007AD748 /* AFSecurityPolicy.m in Sources */ = {isa = PBXBuildFile; fileRef = BA67C1F11D3878B1007AD748 /* AFSecurityPolicy.m */; };
		BA67C1FB1D3878B1007AD748 /* AFURLRequestSerialization.m in Sources */ = {isa = PBXBuildFile; fileRef = BA67C1F31D3878B1007AD748 /* AFURLRequestSerialization.m */; };
		BA67C1FC1D3878B1007AD748 /* AFURLResponseSerialization.m in Sources */ = {isa = PBXBuildFile; fileRef = BA67C1F51D3878B1007AD748 /* AFURLResponseSerialization.m */; };
		BA67C1FD1D3878B1007AD748 /* AFURLSessionManager.m in Sources */ = {isa = PBXBuildFile; fileRef = BA67C1F71D3878B1007AD748 /* AFURLSessionManager.m */; };
		BAFEC6461D444DDE00631917 /* SwiftyJSON.swift in Sources */ = {isa = PBXBuildFile; fileRef = BAFEC6451D444DDE00631917 /* SwiftyJSON.swift */; };
		BAFEC73F1D445BF200631917 /* Info.plist in Resources */ = {isa = PBXBuildFile; fileRef = BAFEC7181D445BF200631917 /* Info.plist */; };
		BAFEC7401D445BF200631917 /* LTCharacterDiffResult.swift in Sources */ = {isa = PBXBuildFile; fileRef = BAFEC7191D445BF200631917 /* LTCharacterDiffResult.swift */; };
		BAFEC7411D445BF200631917 /* LTCharacterLimbo.swift in Sources */ = {isa = PBXBuildFile; fileRef = BAFEC71A1D445BF200631917 /* LTCharacterLimbo.swift */; };
		BAFEC7421D445BF200631917 /* LTEasing.swift in Sources */ = {isa = PBXBuildFile; fileRef = BAFEC71B1D445BF200631917 /* LTEasing.swift */; };
		BAFEC7431D445BF200631917 /* LTEmitterView.swift in Sources */ = {isa = PBXBuildFile; fileRef = BAFEC71C1D445BF200631917 /* LTEmitterView.swift */; };
		BAFEC7441D445BF200631917 /* LTMorphingEffect.swift in Sources */ = {isa = PBXBuildFile; fileRef = BAFEC71D1D445BF200631917 /* LTMorphingEffect.swift */; };
		BAFEC7451D445BF200631917 /* LTMorphingLabel+Anvil.swift in Sources */ = {isa = PBXBuildFile; fileRef = BAFEC71E1D445BF200631917 /* LTMorphingLabel+Anvil.swift */; };
		BAFEC7461D445BF200631917 /* LTMorphingLabel+Burn.swift in Sources */ = {isa = PBXBuildFile; fileRef = BAFEC71F1D445BF200631917 /* LTMorphingLabel+Burn.swift */; };
		BAFEC7471D445BF200631917 /* LTMorphingLabel+Evaporate.swift in Sources */ = {isa = PBXBuildFile; fileRef = BAFEC7201D445BF200631917 /* LTMorphingLabel+Evaporate.swift */; };
		BAFEC7481D445BF200631917 /* LTMorphingLabel+Fall.swift in Sources */ = {isa = PBXBuildFile; fileRef = BAFEC7211D445BF200631917 /* LTMorphingLabel+Fall.swift */; };
		BAFEC7491D445BF200631917 /* LTMorphingLabel+Pixelate.swift in Sources */ = {isa = PBXBuildFile; fileRef = BAFEC7221D445BF200631917 /* LTMorphingLabel+Pixelate.swift */; };
		BAFEC74A1D445BF200631917 /* LTMorphingLabel+Sparkle.swift in Sources */ = {isa = PBXBuildFile; fileRef = BAFEC7231D445BF200631917 /* LTMorphingLabel+Sparkle.swift */; };
		BAFEC74B1D445BF200631917 /* LTMorphingLabel.swift in Sources */ = {isa = PBXBuildFile; fileRef = BAFEC7251D445BF200631917 /* LTMorphingLabel.swift */; };
		BAFEC74C1D445BF200631917 /* LTStringDiffResult.swift in Sources */ = {isa = PBXBuildFile; fileRef = BAFEC7261D445BF200631917 /* LTStringDiffResult.swift */; };
		BAFEC74D1D445BF200631917 /* Fire.png in Resources */ = {isa = PBXBuildFile; fileRef = BAFEC7281D445BF200631917 /* Fire.png */; };
		BAFEC74E1D445BF200631917 /* Fragment.png in Resources */ = {isa = PBXBuildFile; fileRef = BAFEC7291D445BF200631917 /* Fragment.png */; };
		BAFEC74F1D445BF200631917 /* Smoke.png in Resources */ = {isa = PBXBuildFile; fileRef = BAFEC72A1D445BF200631917 /* Smoke.png */; };
		BAFEC7501D445BF200631917 /* Sparkle.png in Resources */ = {isa = PBXBuildFile; fileRef = BAFEC72B1D445BF200631917 /* Sparkle.png */; };
/* End PBXBuildFile section */

/* Begin PBXFileReference section */
		BA67C1D51D386FF8007AD748 /* Web Service Example.app */ = {isa = PBXFileReference; explicitFileType = wrapper.application; includeInIndex = 0; path = "Web Service Example.app"; sourceTree = BUILT_PRODUCTS_DIR; };
		BA67C1D81D386FF8007AD748 /* AppDelegate.swift */ = {isa = PBXFileReference; lastKnownFileType = sourcecode.swift; path = AppDelegate.swift; sourceTree = "<group>"; };
		BA67C1DA1D386FF8007AD748 /* ViewController.swift */ = {isa = PBXFileReference; lastKnownFileType = sourcecode.swift; path = ViewController.swift; sourceTree = "<group>"; };
		BA67C1DD1D386FF8007AD748 /* Base */ = {isa = PBXFileReference; lastKnownFileType = file.storyboard; name = Base; path = Base.lproj/Main.storyboard; sourceTree = "<group>"; };
		BA67C1DF1D386FF8007AD748 /* Assets.xcassets */ = {isa = PBXFileReference; lastKnownFileType = folder.assetcatalog; path = Assets.xcassets; sourceTree = "<group>"; };
		BA67C1E21D386FF8007AD748 /* Base */ = {isa = PBXFileReference; lastKnownFileType = file.storyboard; name = Base; path = Base.lproj/LaunchScreen.storyboard; sourceTree = "<group>"; };
		BA67C1E41D386FF8007AD748 /* Info.plist */ = {isa = PBXFileReference; lastKnownFileType = text.plist.xml; path = Info.plist; sourceTree = "<group>"; };
		BA67C1EB1D3878B1007AD748 /* AFHTTPSessionManager.h */ = {isa = PBXFileReference; fileEncoding = 4; lastKnownFileType = sourcecode.c.h; path = AFHTTPSessionManager.h; sourceTree = "<group>"; };
		BA67C1EC1D3878B1007AD748 /* AFHTTPSessionManager.m */ = {isa = PBXFileReference; fileEncoding = 4; lastKnownFileType = sourcecode.c.objc; path = AFHTTPSessionManager.m; sourceTree = "<group>"; };
		BA67C1ED1D3878B1007AD748 /* AFNetworking.h */ = {isa = PBXFileReference; fileEncoding = 4; lastKnownFileType = sourcecode.c.h; path = AFNetworking.h; sourceTree = "<group>"; };
		BA67C1EE1D3878B1007AD748 /* AFNetworkReachabilityManager.h */ = {isa = PBXFileReference; fileEncoding = 4; lastKnownFileType = sourcecode.c.h; path = AFNetworkReachabilityManager.h; sourceTree = "<group>"; };
		BA67C1EF1D3878B1007AD748 /* AFNetworkReachabilityManager.m */ = {isa = PBXFileReference; fileEncoding = 4; lastKnownFileType = sourcecode.c.objc; path = AFNetworkReachabilityManager.m; sourceTree = "<group>"; };
		BA67C1F01D3878B1007AD748 /* AFSecurityPolicy.h */ = {isa = PBXFileReference; fileEncoding = 4; lastKnownFileType = sourcecode.c.h; path = AFSecurityPolicy.h; sourceTree = "<group>"; };
		BA67C1F11D3878B1007AD748 /* AFSecurityPolicy.m */ = {isa = PBXFileReference; fileEncoding = 4; lastKnownFileType = sourcecode.c.objc; path = AFSecurityPolicy.m; sourceTree = "<group>"; };
		BA67C1F21D3878B1007AD748 /* AFURLRequestSerialization.h */ = {isa = PBXFileReference; fileEncoding = 4; lastKnownFileType = sourcecode.c.h; path = AFURLRequestSerialization.h; sourceTree = "<group>"; };
		BA67C1F31D3878B1007AD748 /* AFURLRequestSerialization.m */ = {isa = PBXFileReference; fileEncoding = 4; lastKnownFileType = sourcecode.c.objc; path = AFURLRequestSerialization.m; sourceTree = "<group>"; };
		BA67C1F41D3878B1007AD748 /* AFURLResponseSerialization.h */ = {isa = PBXFileReference; fileEncoding = 4; lastKnownFileType = sourcecode.c.h; path = AFURLResponseSerialization.h; sourceTree = "<group>"; };
		BA67C1F51D3878B1007AD748 /* AFURLResponseSerialization.m */ = {isa = PBXFileReference; fileEncoding = 4; lastKnownFileType = sourcecode.c.objc; path = AFURLResponseSerialization.m; sourceTree = "<group>"; };
		BA67C1F61D3878B1007AD748 /* AFURLSessionManager.h */ = {isa = PBXFileReference; fileEncoding = 4; lastKnownFileType = sourcecode.c.h; path = AFURLSessionManager.h; sourceTree = "<group>"; };
		BA67C1F71D3878B1007AD748 /* AFURLSessionManager.m */ = {isa = PBXFileReference; fileEncoding = 4; lastKnownFileType = sourcecode.c.objc; path = AFURLSessionManager.m; sourceTree = "<group>"; };
		BA67C1FE1D387A3A007AD748 /* bridge.h */ = {isa = PBXFileReference; lastKnownFileType = sourcecode.c.h; path = bridge.h; sourceTree = "<group>"; };
		BAFEC6451D444DDE00631917 /* SwiftyJSON.swift */ = {isa = PBXFileReference; fileEncoding = 4; lastKnownFileType = sourcecode.swift; name = SwiftyJSON.swift; path = AFNetworking/SwiftyJSON.swift; sourceTree = "<group>"; };
		BAFEC7181D445BF200631917 /* Info.plist */ = {isa = PBXFileReference; fileEncoding = 4; lastKnownFileType = text.plist.xml; path = Info.plist; sourceTree = "<group>"; };
		BAFEC7191D445BF200631917 /* LTCharacterDiffResult.swift */ = {isa = PBXFileReference; fileEncoding = 4; lastKnownFileType = sourcecode.swift; path = LTCharacterDiffResult.swift; sourceTree = "<group>"; };
		BAFEC71A1D445BF200631917 /* LTCharacterLimbo.swift */ = {isa = PBXFileReference; fileEncoding = 4; lastKnownFileType = sourcecode.swift; path = LTCharacterLimbo.swift; sourceTree = "<group>"; };
		BAFEC71B1D445BF200631917 /* LTEasing.swift */ = {isa = PBXFileReference; fileEncoding = 4; lastKnownFileType = sourcecode.swift; path = LTEasing.swift; sourceTree = "<group>"; };
		BAFEC71C1D445BF200631917 /* LTEmitterView.swift */ = {isa = PBXFileReference; fileEncoding = 4; lastKnownFileType = sourcecode.swift; path = LTEmitterView.swift; sourceTree = "<group>"; };
		BAFEC71D1D445BF200631917 /* LTMorphingEffect.swift */ = {isa = PBXFileReference; fileEncoding = 4; lastKnownFileType = sourcecode.swift; path = LTMorphingEffect.swift; sourceTree = "<group>"; };
		BAFEC71E1D445BF200631917 /* LTMorphingLabel+Anvil.swift */ = {isa = PBXFileReference; fileEncoding = 4; lastKnownFileType = sourcecode.swift; path = "LTMorphingLabel+Anvil.swift"; sourceTree = "<group>"; };
		BAFEC71F1D445BF200631917 /* LTMorphingLabel+Burn.swift */ = {isa = PBXFileReference; fileEncoding = 4; lastKnownFileType = sourcecode.swift; path = "LTMorphingLabel+Burn.swift"; sourceTree = "<group>"; };
		BAFEC7201D445BF200631917 /* LTMorphingLabel+Evaporate.swift */ = {isa = PBXFileReference; fileEncoding = 4; lastKnownFileType = sourcecode.swift; path = "LTMorphingLabel+Evaporate.swift"; sourceTree = "<group>"; };
		BAFEC7211D445BF200631917 /* LTMorphingLabel+Fall.swift */ = {isa = PBXFileReference; fileEncoding = 4; lastKnownFileType = sourcecode.swift; path = "LTMorphingLabel+Fall.swift"; sourceTree = "<group>"; };
		BAFEC7221D445BF200631917 /* LTMorphingLabel+Pixelate.swift */ = {isa = PBXFileReference; fileEncoding = 4; lastKnownFileType = sourcecode.swift; path = "LTMorphingLabel+Pixelate.swift"; sourceTree = "<group>"; };
		BAFEC7231D445BF200631917 /* LTMorphingLabel+Sparkle.swift */ = {isa = PBXFileReference; fileEncoding = 4; lastKnownFileType = sourcecode.swift; path = "LTMorphingLabel+Sparkle.swift"; sourceTree = "<group>"; };
		BAFEC7241D445BF200631917 /* LTMorphingLabel.h */ = {isa = PBXFileReference; fileEncoding = 4; lastKnownFileType = sourcecode.c.h; path = LTMorphingLabel.h; sourceTree = "<group>"; };
		BAFEC7251D445BF200631917 /* LTMorphingLabel.swift */ = {isa = PBXFileReference; fileEncoding = 4; lastKnownFileType = sourcecode.swift; path = LTMorphingLabel.swift; sourceTree = "<group>"; };
		BAFEC7261D445BF200631917 /* LTStringDiffResult.swift */ = {isa = PBXFileReference; fileEncoding = 4; lastKnownFileType = sourcecode.swift; path = LTStringDiffResult.swift; sourceTree = "<group>"; };
		BAFEC7281D445BF200631917 /* Fire.png */ = {isa = PBXFileReference; lastKnownFileType = image.png; path = Fire.png; sourceTree = "<group>"; };
		BAFEC7291D445BF200631917 /* Fragment.png */ = {isa = PBXFileReference; lastKnownFileType = image.png; path = Fragment.png; sourceTree = "<group>"; };
		BAFEC72A1D445BF200631917 /* Smoke.png */ = {isa = PBXFileReference; lastKnownFileType = image.png; path = Smoke.png; sourceTree = "<group>"; };
		BAFEC72B1D445BF200631917 /* Sparkle.png */ = {isa = PBXFileReference; lastKnownFileType = image.png; path = Sparkle.png; sourceTree = "<group>"; };
/* End PBXFileReference section */

/* Begin PBXFrameworksBuildPhase section */
		BA67C1D21D386FF8007AD748 /* Frameworks */ = {
			isa = PBXFrameworksBuildPhase;
			buildActionMask = 2147483647;
			files = (
			);
			runOnlyForDeploymentPostprocessing = 0;
		};
/* End PBXFrameworksBuildPhase section */

/* Begin PBXGroup section */
		BA67C1CC1D386FF8007AD748 = {
			isa = PBXGroup;
			children = (
				BA67C1FE1D387A3A007AD748 /* bridge.h */,
				BAFEC6451D444DDE00631917 /* SwiftyJSON.swift */,
				BAFEC7171D445BF200631917 /* LTMorphingLabel */,
				BA67C1D71D386FF8007AD748 /* Web Service Example */,
				BA67C1D61D386FF8007AD748 /* Products */,
				BA67C1EA1D3878B1007AD748 /* AFNetworking */,
			);
			sourceTree = "<group>";
		};
		BA67C1D61D386FF8007AD748 /* Products */ = {
			isa = PBXGroup;
			children = (
				BA67C1D51D386FF8007AD748 /* Web Service Example.app */,
			);
			name = Products;
			sourceTree = "<group>";
		};
		BA67C1D71D386FF8007AD748 /* Web Service Example */ = {
			isa = PBXGroup;
			children = (
				BA67C1D81D386FF8007AD748 /* AppDelegate.swift */,
				BA67C1DA1D386FF8007AD748 /* ViewController.swift */,
				BA67C1DC1D386FF8007AD748 /* Main.storyboard */,
				BA67C1DF1D386FF8007AD748 /* Assets.xcassets */,
				BA67C1E11D386FF8007AD748 /* LaunchScreen.storyboard */,
				BA67C1E41D386FF8007AD748 /* Info.plist */,
			);
			path = "Web Service Example";
			sourceTree = "<group>";
		};
		BA67C1EA1D3878B1007AD748 /* AFNetworking */ = {
			isa = PBXGroup;
			children = (
				BA67C1EB1D3878B1007AD748 /* AFHTTPSessionManager.h */,
				BA67C1EC1D3878B1007AD748 /* AFHTTPSessionManager.m */,
				BA67C1ED1D3878B1007AD748 /* AFNetworking.h */,
				BA67C1EE1D3878B1007AD748 /* AFNetworkReachabilityManager.h */,
				BA67C1EF1D3878B1007AD748 /* AFNetworkReachabilityManager.m */,
				BA67C1F01D3878B1007AD748 /* AFSecurityPolicy.h */,
				BA67C1F11D3878B1007AD748 /* AFSecurityPolicy.m */,
				BA67C1F21D3878B1007AD748 /* AFURLRequestSerialization.h */,
				BA67C1F31D3878B1007AD748 /* AFURLRequestSerialization.m */,
				BA67C1F41D3878B1007AD748 /* AFURLResponseSerialization.h */,
				BA67C1F51D3878B1007AD748 /* AFURLResponseSerialization.m */,
				BA67C1F61D3878B1007AD748 /* AFURLSessionManager.h */,
				BA67C1F71D3878B1007AD748 /* AFURLSessionManager.m */,
			);
			path = AFNetworking;
			sourceTree = "<group>";
		};
		BAFEC7171D445BF200631917 /* LTMorphingLabel */ = {
			isa = PBXGroup;
			children = (
				BAFEC7181D445BF200631917 /* Info.plist */,
				BAFEC7191D445BF200631917 /* LTCharacterDiffResult.swift */,
				BAFEC71A1D445BF200631917 /* LTCharacterLimbo.swift */,
				BAFEC71B1D445BF200631917 /* LTEasing.swift */,
				BAFEC71C1D445BF200631917 /* LTEmitterView.swift */,
				BAFEC71D1D445BF200631917 /* LTMorphingEffect.swift */,
				BAFEC71E1D445BF200631917 /* LTMorphingLabel+Anvil.swift */,
				BAFEC71F1D445BF200631917 /* LTMorphingLabel+Burn.swift */,
				BAFEC7201D445BF200631917 /* LTMorphingLabel+Evaporate.swift */,
				BAFEC7211D445BF200631917 /* LTMorphingLabel+Fall.swift */,
				BAFEC7221D445BF200631917 /* LTMorphingLabel+Pixelate.swift */,
				BAFEC7231D445BF200631917 /* LTMorphingLabel+Sparkle.swift */,
				BAFEC7241D445BF200631917 /* LTMorphingLabel.h */,
				BAFEC7251D445BF200631917 /* LTMorphingLabel.swift */,
				BAFEC7261D445BF200631917 /* LTStringDiffResult.swift */,
				BAFEC7271D445BF200631917 /* Particles */,
			);
			name = LTMorphingLabel;
			path = "LTMorphingLabel-master/LTMorphingLabel";
			sourceTree = "<group>";
		};
		BAFEC7271D445BF200631917 /* Particles */ = {
			isa = PBXGroup;
			children = (
				BAFEC7281D445BF200631917 /* Fire.png */,
				BAFEC7291D445BF200631917 /* Fragment.png */,
				BAFEC72A1D445BF200631917 /* Smoke.png */,
				BAFEC72B1D445BF200631917 /* Sparkle.png */,
			);
			path = Particles;
			sourceTree = "<group>";
		};
/* End PBXGroup section */

/* Begin PBXNativeTarget section */
		BA67C1D41D386FF8007AD748 /* Web Service Example */ = {
			isa = PBXNativeTarget;
			buildConfigurationList = BA67C1E71D386FF8007AD748 /* Build configuration list for PBXNativeTarget "Web Service Example" */;
			buildPhases = (
				BA67C1D11D386FF8007AD748 /* Sources */,
				BA67C1D21D386FF8007AD748 /* Frameworks */,
				BA67C1D31D386FF8007AD748 /* Resources */,
			);
			buildRules = (
			);
			dependencies = (
			);
			name = "Web Service Example";
			productName = "Web Service Example";
			productReference = BA67C1D51D386FF8007AD748 /* Web Service Example.app */;
			productType = "com.apple.product-type.application";
		};
/* End PBXNativeTarget section */

/* Begin PBXProject section */
		BA67C1CD1D386FF8007AD748 /* Project object */ = {
			isa = PBXProject;
			attributes = {
				LastSwiftUpdateCheck = 0730;
				LastUpgradeCheck = 0730;
				ORGANIZATIONNAME = "Jordan Harvey-Morgan";
				TargetAttributes = {
					BA67C1D41D386FF8007AD748 = {
						CreatedOnToolsVersion = 7.3.1;
						DevelopmentTeam = C9L43P9G27;
					};
				};
			};
			buildConfigurationList = BA67C1D01D386FF8007AD748 /* Build configuration list for PBXProject "Web Service Example" */;
			compatibilityVersion = "Xcode 3.2";
			developmentRegion = English;
			hasScannedForEncodings = 0;
			knownRegions = (
				en,
				Base,
			);
			mainGroup = BA67C1CC1D386FF8007AD748;
			productRefGroup = BA67C1D61D386FF8007AD748 /* Products */;
			projectDirPath = "";
			projectRoot = "";
			targets = (
				BA67C1D41D386FF8007AD748 /* Web Service Example */,
			);
		};
/* End PBXProject section */

/* Begin PBXResourcesBuildPhase section */
		BA67C1D31D386FF8007AD748 /* Resources */ = {
			isa = PBXResourcesBuildPhase;
			buildActionMask = 2147483647;
			files = (
				BAFEC7501D445BF200631917 /* Sparkle.png in Resources */,
				BAFEC74D1D445BF200631917 /* Fire.png in Resources */,
				BAFEC73F1D445BF200631917 /* Info.plist in Resources */,
				BAFEC74F1D445BF200631917 /* Smoke.png in Resources */,
				BAFEC74E1D445BF200631917 /* Fragment.png in Resources */,
				BA67C1E31D386FF8007AD748 /* LaunchScreen.storyboard in Resources */,
				BA67C1E01D386FF8007AD748 /* Assets.xcassets in Resources */,
				BA67C1DE1D386FF8007AD748 /* Main.storyboard in Resources */,
			);
			runOnlyForDeploymentPostprocessing = 0;
		};
/* End PBXResourcesBuildPhase section */

/* Begin PBXSourcesBuildPhase section */
		BA67C1D11D386FF8007AD748 /* Sources */ = {
			isa = PBXSourcesBuildPhase;
			buildActionMask = 2147483647;
			files = (
				BAFEC7441D445BF200631917 /* LTMorphingEffect.swift in Sources */,
				BAFEC74B1D445BF200631917 /* LTMorphingLabel.swift in Sources */,
				BAFEC7411D445BF200631917 /* LTCharacterLimbo.swift in Sources */,
				BAFEC7471D445BF200631917 /* LTMorphingLabel+Evaporate.swift in Sources */,
				BA67C1F81D3878B1007AD748 /* AFHTTPSessionManager.m in Sources */,
				BA67C1FD1D3878B1007AD748 /* AFURLSessionManager.m in Sources */,
				BAFEC74C1D445BF200631917 /* LTStringDiffResult.swift in Sources */,
				BA67C1FA1D3878B1007AD748 /* AFSecurityPolicy.m in Sources */,
				BAFEC7401D445BF200631917 /* LTCharacterDiffResult.swift in Sources */,
				BAFEC7481D445BF200631917 /* LTMorphingLabel+Fall.swift in Sources */,
				BA67C1DB1D386FF8007AD748 /* ViewController.swift in Sources */,
				BA67C1FB1D3878B1007AD748 /* AFURLRequestSerialization.m in Sources */,
				BAFEC7431D445BF200631917 /* LTEmitterView.swift in Sources */,
				BA67C1F91D3878B1007AD748 /* AFNetworkReachabilityManager.m in Sources */,
				BAFEC7421D445BF200631917 /* LTEasing.swift in Sources */,
				BAFEC74A1D445BF200631917 /* LTMorphingLabel+Sparkle.swift in Sources */,
				BAFEC7491D445BF200631917 /* LTMorphingLabel+Pixelate.swift in Sources */,
				BAFEC7461D445BF200631917 /* LTMorphingLabel+Burn.swift in Sources */,
				BAFEC6461D444DDE00631917 /* SwiftyJSON.swift in Sources */,
				BA67C1FC1D3878B1007AD748 /* AFURLResponseSerialization.m in Sources */,
				BA67C1D91D386FF8007AD748 /* AppDelegate.swift in Sources */,
				BAFEC7451D445BF200631917 /* LTMorphingLabel+Anvil.swift in Sources */,
			);
			runOnlyForDeploymentPostprocessing = 0;
		};
/* End PBXSourcesBuildPhase section */

/* Begin PBXVariantGroup section */
		BA67C1DC1D386FF8007AD748 /* Main.storyboard */ = {
			isa = PBXVariantGroup;
			children = (
				BA67C1DD1D386FF8007AD748 /* Base */,
			);
			name = Main.storyboard;
			sourceTree = "<group>";
		};
		BA67C1E11D386FF8007AD748 /* LaunchScreen.storyboard */ = {
			isa = PBXVariantGroup;
			children = (
				BA67C1E21D386FF8007AD748 /* Base */,
			);
			name = LaunchScreen.storyboard;
			sourceTree = "<group>";
		};
/* End PBXVariantGroup section */

/* Begin XCBuildConfiguration section */
		BA67C1E51D386FF8007AD748 /* Debug */ = {
			isa = XCBuildConfiguration;
			buildSettings = {
				ALWAYS_SEARCH_USER_PATHS = NO;
				CLANG_ANALYZER_NONNULL = YES;
				CLANG_CXX_LANGUAGE_STANDARD = "gnu++0x";
				CLANG_CXX_LIBRARY = "libc++";
				CLANG_ENABLE_MODULES = YES;
				CLANG_ENABLE_OBJC_ARC = YES;
				CLANG_WARN_BOOL_CONVERSION = YES;
				CLANG_WARN_CONSTANT_CONVERSION = YES;
				CLANG_WARN_DIRECT_OBJC_ISA_USAGE = YES_ERROR;
				CLANG_WARN_EMPTY_BODY = YES;
				CLANG_WARN_ENUM_CONVERSION = YES;
				CLANG_WARN_INT_CONVERSION = YES;
				CLANG_WARN_OBJC_ROOT_CLASS = YES_ERROR;
				CLANG_WARN_UNREACHABLE_CODE = YES;
				CLANG_WARN__DUPLICATE_METHOD_MATCH = YES;
				"CODE_SIGN_IDENTITY[sdk=iphoneos*]" = "iPhone Developer";
				COPY_PHASE_STRIP = NO;
				DEBUG_INFORMATION_FORMAT = dwarf;
				ENABLE_STRICT_OBJC_MSGSEND = YES;
				ENABLE_TESTABILITY = YES;
				GCC_C_LANGUAGE_STANDARD = gnu99;
				GCC_DYNAMIC_NO_PIC = NO;
				GCC_NO_COMMON_BLOCKS = YES;
				GCC_OPTIMIZATION_LEVEL = 0;
				GCC_PREPROCESSOR_DEFINITIONS = (
					"DEBUG=1",
					"$(inherited)",
				);
				GCC_WARN_64_TO_32_BIT_CONVERSION = YES;
				GCC_WARN_ABOUT_RETURN_TYPE = YES_ERROR;
				GCC_WARN_UNDECLARED_SELECTOR = YES;
				GCC_WARN_UNINITIALIZED_AUTOS = YES_AGGRESSIVE;
				GCC_WARN_UNUSED_FUNCTION = YES;
				GCC_WARN_UNUSED_VARIABLE = YES;
				IPHONEOS_DEPLOYMENT_TARGET = 9.3;
				MTL_ENABLE_DEBUG_INFO = YES;
				ONLY_ACTIVE_ARCH = YES;
				SDKROOT = iphoneos;
				SWIFT_OPTIMIZATION_LEVEL = "-Onone";
				TARGETED_DEVICE_FAMILY = "1,2";
			};
			name = Debug;
		};
		BA67C1E61D386FF8007AD748 /* Release */ = {
			isa = XCBuildConfiguration;
			buildSettings = {
				ALWAYS_SEARCH_USER_PATHS = NO;
				CLANG_ANALYZER_NONNULL = YES;
				CLANG_CXX_LANGUAGE_STANDARD = "gnu++0x";
				CLANG_CXX_LIBRARY = "libc++";
				CLANG_ENABLE_MODULES = YES;
				CLANG_ENABLE_OBJC_ARC = YES;
				CLANG_WARN_BOOL_CONVERSION = YES;
				CLANG_WARN_CONSTANT_CONVERSION = YES;
				CLANG_WARN_DIRECT_OBJC_ISA_USAGE = YES_ERROR;
				CLANG_WARN_EMPTY_BODY = YES;
				CLANG_WARN_ENUM_CONVERSION = YES;
				CLANG_WARN_INT_CONVERSION = YES;
				CLANG_WARN_OBJC_ROOT_CLASS = YES_ERROR;
				CLANG_WARN_UNREACHABLE_CODE = YES;
				CLANG_WARN__DUPLICATE_METHOD_MATCH = YES;
				"CODE_SIGN_IDENTITY[sdk=iphoneos*]" = "iPhone Developer";
				COPY_PHASE_STRIP = NO;
				DEBUG_INFORMATION_FORMAT = "dwarf-with-dsym";
				ENABLE_NS_ASSERTIONS = NO;
				ENABLE_STRICT_OBJC_MSGSEND = YES;
				GCC_C_LANGUAGE_STANDARD = gnu99;
				GCC_NO_COMMON_BLOCKS = YES;
				GCC_WARN_64_TO_32_BIT_CONVERSION = YES;
				GCC_WARN_ABOUT_RETURN_TYPE = YES_ERROR;
				GCC_WARN_UNDECLARED_SELECTOR = YES;
				GCC_WARN_UNINITIALIZED_AUTOS = YES_AGGRESSIVE;
				GCC_WARN_UNUSED_FUNCTION = YES;
				GCC_WARN_UNUSED_VARIABLE = YES;
				IPHONEOS_DEPLOYMENT_TARGET = 9.3;
				MTL_ENABLE_DEBUG_INFO = NO;
				SDKROOT = iphoneos;
				SWIFT_OPTIMIZATION_LEVEL = "-O";
				TARGETED_DEVICE_FAMILY = "1,2";
				VALIDATE_PRODUCT = YES;
			};
			name = Release;
		};
		BA67C1E81D386FF8007AD748 /* Debug */ = {
			isa = XCBuildConfiguration;
			buildSettings = {
				ASSETCATALOG_COMPILER_APPICON_NAME = AppIcon;
				DEFINES_MODULE = YES;
				INFOPLIST_FILE = "Web Service Example/Info.plist";
				LD_RUNPATH_SEARCH_PATHS = "$(inherited) @executable_path/Frameworks";
				PRODUCT_BUNDLE_IDENTIFIER = "com.jharveymorgan.Web-Service-Example";
				PRODUCT_NAME = "$(TARGET_NAME)";
				SWIFT_OBJC_BRIDGING_HEADER = bridge.h;
				SWIFT_OPTIMIZATION_LEVEL = "-O";
			};
			name = Debug;
		};
		BA67C1E91D386FF8007AD748 /* Release */ = {
			isa = XCBuildConfiguration;
			buildSettings = {
				ASSETCATALOG_COMPILER_APPICON_NAME = AppIcon;
				DEFINES_MODULE = YES;
				INFOPLIST_FILE = "Web Service Example/Info.plist";
				LD_RUNPATH_SEARCH_PATHS = "$(inherited) @executable_path/Frameworks";
				PRODUCT_BUNDLE_IDENTIFIER = "com.jharveymorgan.Web-Service-Example";
				PRODUCT_NAME = "$(TARGET_NAME)";
				SWIFT_OBJC_BRIDGING_HEADER = bridge.h;
				SWIFT_OPTIMIZATION_LEVEL = "-O";
			};
			name = Release;
		};
/* End XCBuildConfiguration section */

/* Begin XCConfigurationList section */
		BA67C1D01D386FF8007AD748 /* Build configuration list for PBXProject "Web Service Example" */ = {
			isa = XCConfigurationList;
			buildConfigurations = (
				BA67C1E51D386FF8007AD748 /* Debug */,
				BA67C1E61D386FF8007AD748 /* Release */,
			);
			defaultConfigurationIsVisible = 0;
			defaultConfigurationName = Release;
		};
		BA67C1E71D386FF8007AD748 /* Build configuration list for PBXNativeTarget "Web Service Example" */ = {
			isa = XCConfigurationList;
			buildConfigurations = (
				BA67C1E81D386FF8007AD748 /* Debug */,
				BA67C1E91D386FF8007AD748 /* Release */,
			);
			defaultConfigurationIsVisible = 0;
			defaultConfigurationName = Release;
		};
/* End XCConfigurationList section */
	};
	rootObject = BA67C1CD1D386FF8007AD748 /* Project object */;
}
